{
    "version": 3,
    "terraform_version": "0.11.13",
    "serial": 2,
    "lineage": "babfd455-80ad-de6f-ae7b-18be1553439b",
    "modules": [
        {
            "path": [
                "root"
            ],
            "outputs": {},
            "resources": {
                "aws_instance.my-linux-server": {
                    "type": "aws_instance",
                    "depends_on": [],
                    "primary": {
                        "id": "i-02958fefa08b70056",
                        "attributes": {
                            "ami": "ami-08949fb6466dd2cf3",
                            "arn": "arn:aws:ec2:us-west-1:653931956080:instance/i-02958fefa08b70056",
                            "associate_public_ip_address": "true",
                            "availability_zone": "us-west-1c",
                            "cpu_core_count": "1",
                            "cpu_threads_per_core": "1",
                            "credit_specification.#": "1",
                            "credit_specification.0.cpu_credits": "standard",
                            "disable_api_termination": "false",
                            "ebs_block_device.#": "0",
                            "ebs_optimized": "false",
                            "ephemeral_block_device.#": "0",
                            "get_password_data": "false",
                            "iam_instance_profile": "",
                            "id": "i-02958fefa08b70056",
                            "instance_state": "running",
                            "instance_type": "t2.micro",
                            "ipv6_address_count": "0",
                            "ipv6_addresses.#": "0",
                            "key_name": "",
                            "monitoring": "false",
                            "network_interface.#": "0",
                            "password_data": "",
                            "placement_group": "",
                            "primary_network_interface_id": "eni-06f01ef3196d700a0",
                            "private_dns": "ip-172-31-16-28.us-west-1.compute.internal",
                            "private_ip": "172.31.16.28",
                            "public_dns": "ec2-52-53-191-156.us-west-1.compute.amazonaws.com",
                            "public_ip": "52.53.191.156",
                            "root_block_device.#": "1",
                            "root_block_device.0.delete_on_termination": "true",
                            "root_block_device.0.iops": "100",
                            "root_block_device.0.volume_id": "vol-088a09b272ea35b3e",
                            "root_block_device.0.volume_size": "10",
                            "root_block_device.0.volume_type": "gp2",
                            "security_groups.#": "1",
                            "security_groups.3814588639": "default",
                            "source_dest_check": "true",
                            "subnet_id": "subnet-586fff3c",
                            "tags.%": "0",
                            "tenancy": "default",
                            "volume_tags.%": "0",
                            "vpc_security_group_ids.#": "1",
                            "vpc_security_group_ids.2669566127": "sg-0a439f6d"
                        },
                        "meta": {
                            "e2bfb730-ecaa-11e6-8f88-34363bc7c4c0": {
                                "create": 600000000000,
                                "delete": 1200000000000,
                                "update": 600000000000
                            },
                            "schema_version": "1"
                        },
                        "tainted": false
                    },
                    "deposed": [],
                    "provider": "provider.aws"
                }
            },
            "depends_on": []
        }
    ]
}
